
Microsoft Visual Studio Solution File, Format Version 12.00
# Visual Studio Version 16
VisualStudioVersion = 16.0.32602.291
MinimumVisualStudioVersion = 10.0.40219.1
Project("{FAE04EC0-301F-11D3-BF4B-00C04F79EFBC}") = "MonoDay4.WebApi", "MonoDay4.WebApi\MonoDay4.WebApi.csproj", "{EC336A13-84F7-4155-AD65-A0934BB158D7}"
	ProjectSection(ProjectDependencies) = postProject
		{EB65A916-173F-4000-B9EB-FDF2A2C25843} = {EB65A916-173F-4000-B9EB-FDF2A2C25843}
		{81F69F33-A686-4465-ADF9-B3D8B8875B6E} = {81F69F33-A686-4465-ADF9-B3D8B8875B6E}
		{5B674167-D2B8-437A-B430-B2C18418ADD6} = {5B674167-D2B8-437A-B430-B2C18418ADD6}
		{CE6D65A8-B453-4F57-B78A-BD8CFB1AD1C1} = {CE6D65A8-B453-4F57-B78A-BD8CFB1AD1C1}
		{748246AE-E37A-4A5D-9002-FA4D0768877F} = {748246AE-E37A-4A5D-9002-FA4D0768877F}
	EndProjectSection
EndProject
Project("{FAE04EC0-301F-11D3-BF4B-00C04F79EFBC}") = "MonoDay4.Service", "MonoDay4.Service\MonoDay4.Service.csproj", "{EB65A916-173F-4000-B9EB-FDF2A2C25843}"
	ProjectSection(ProjectDependencies) = postProject
		{81A09D1C-41E7-41E4-8D18-3279BE6938DF} = {81A09D1C-41E7-41E4-8D18-3279BE6938DF}
		{81F69F33-A686-4465-ADF9-B3D8B8875B6E} = {81F69F33-A686-4465-ADF9-B3D8B8875B6E}
		{5B674167-D2B8-437A-B430-B2C18418ADD6} = {5B674167-D2B8-437A-B430-B2C18418ADD6}
		{21D86683-C9C8-4650-881C-093FFD4AC7D2} = {21D86683-C9C8-4650-881C-093FFD4AC7D2}
		{CE6D65A8-B453-4F57-B78A-BD8CFB1AD1C1} = {CE6D65A8-B453-4F57-B78A-BD8CFB1AD1C1}
		{748246AE-E37A-4A5D-9002-FA4D0768877F} = {748246AE-E37A-4A5D-9002-FA4D0768877F}
	EndProjectSection
EndProject
Project("{FAE04EC0-301F-11D3-BF4B-00C04F79EFBC}") = "MonoDay4.Service.Common", "MonoDay4.Service.Common\MonoDay4.Service.Common.csproj", "{CE6D65A8-B453-4F57-B78A-BD8CFB1AD1C1}"
EndProject
Project("{FAE04EC0-301F-11D3-BF4B-00C04F79EFBC}") = "MonoDay4.Repository", "MonoDay4.Repository\MonoDay4.Repository.csproj", "{21D86683-C9C8-4650-881C-093FFD4AC7D2}"
	ProjectSection(ProjectDependencies) = postProject
		{81A09D1C-41E7-41E4-8D18-3279BE6938DF} = {81A09D1C-41E7-41E4-8D18-3279BE6938DF}
		{81F69F33-A686-4465-ADF9-B3D8B8875B6E} = {81F69F33-A686-4465-ADF9-B3D8B8875B6E}
		{5B674167-D2B8-437A-B430-B2C18418ADD6} = {5B674167-D2B8-437A-B430-B2C18418ADD6}
		{EF74A370-DEE2-45E2-BDB9-31D2A7C86DD9} = {EF74A370-DEE2-45E2-BDB9-31D2A7C86DD9}
		{748246AE-E37A-4A5D-9002-FA4D0768877F} = {748246AE-E37A-4A5D-9002-FA4D0768877F}
	EndProjectSection
EndProject
Project("{FAE04EC0-301F-11D3-BF4B-00C04F79EFBC}") = "MonoDay4.Repository.Common", "MonoDay4.Repository.Common\MonoDay4.Repository.Common.csproj", "{81A09D1C-41E7-41E4-8D18-3279BE6938DF}"
EndProject
Project("{FAE04EC0-301F-11D3-BF4B-00C04F79EFBC}") = "MonoDay4.Model", "MonoDay4.Model\MonoDay4.Model.csproj", "{81F69F33-A686-4465-ADF9-B3D8B8875B6E}"
	ProjectSection(ProjectDependencies) = postProject
		{5B674167-D2B8-437A-B430-B2C18418ADD6} = {5B674167-D2B8-437A-B430-B2C18418ADD6}
		{748246AE-E37A-4A5D-9002-FA4D0768877F} = {748246AE-E37A-4A5D-9002-FA4D0768877F}
	EndProjectSection
EndProject
Project("{FAE04EC0-301F-11D3-BF4B-00C04F79EFBC}") = "MonoDay4.Model.Common", "MonoDay4.Model.Common\MonoDay4.Model.Common.csproj", "{5B674167-D2B8-437A-B430-B2C18418ADD6}"
EndProject
Project("{FAE04EC0-301F-11D3-BF4B-00C04F79EFBC}") = "MonoDay4.Common", "MonoDay4.Common\MonoDay4.Common.csproj", "{748246AE-E37A-4A5D-9002-FA4D0768877F}"
EndProject
Project("{FAE04EC0-301F-11D3-BF4B-00C04F79EFBC}") = "MonoDay4.DAL", "MonoDay4.DAL\MonoDay4.DAL.csproj", "{EF74A370-DEE2-45E2-BDB9-31D2A7C86DD9}"
	ProjectSection(ProjectDependencies) = postProject
		{81F69F33-A686-4465-ADF9-B3D8B8875B6E} = {81F69F33-A686-4465-ADF9-B3D8B8875B6E}
		{5B674167-D2B8-437A-B430-B2C18418ADD6} = {5B674167-D2B8-437A-B430-B2C18418ADD6}
		{748246AE-E37A-4A5D-9002-FA4D0768877F} = {748246AE-E37A-4A5D-9002-FA4D0768877F}
	EndProjectSection
EndProject
Global
	GlobalSection(SolutionConfigurationPlatforms) = preSolution
		Debug|Any CPU = Debug|Any CPU
		Release|Any CPU = Release|Any CPU
	EndGlobalSection
	GlobalSection(ProjectConfigurationPlatforms) = postSolution
		{EC336A13-84F7-4155-AD65-A0934BB158D7}.Debug|Any CPU.ActiveCfg = Debug|Any CPU
		{EC336A13-84F7-4155-AD65-A0934BB158D7}.Debug|Any CPU.Build.0 = Debug|Any CPU
		{EC336A13-84F7-4155-AD65-A0934BB158D7}.Release|Any CPU.ActiveCfg = Release|Any CPU
		{EC336A13-84F7-4155-AD65-A0934BB158D7}.Release|Any CPU.Build.0 = Release|Any CPU
		{EB65A916-173F-4000-B9EB-FDF2A2C25843}.Debug|Any CPU.ActiveCfg = Debug|Any CPU
		{EB65A916-173F-4000-B9EB-FDF2A2C25843}.Debug|Any CPU.Build.0 = Debug|Any CPU
		{EB65A916-173F-4000-B9EB-FDF2A2C25843}.Release|Any CPU.ActiveCfg = Release|Any CPU
		{EB65A916-173F-4000-B9EB-FDF2A2C25843}.Release|Any CPU.Build.0 = Release|Any CPU
		{CE6D65A8-B453-4F57-B78A-BD8CFB1AD1C1}.Debug|Any CPU.ActiveCfg = Debug|Any CPU
		{CE6D65A8-B453-4F57-B78A-BD8CFB1AD1C1}.Debug|Any CPU.Build.0 = Debug|Any CPU
		{CE6D65A8-B453-4F57-B78A-BD8CFB1AD1C1}.Release|Any CPU.ActiveCfg = Release|Any CPU
		{CE6D65A8-B453-4F57-B78A-BD8CFB1AD1C1}.Release|Any CPU.Build.0 = Release|Any CPU
		{21D86683-C9C8-4650-881C-093FFD4AC7D2}.Debug|Any CPU.ActiveCfg = Debug|Any CPU
		{21D86683-C9C8-4650-881C-093FFD4AC7D2}.Debug|Any CPU.Build.0 = Debug|Any CPU
		{21D86683-C9C8-4650-881C-093FFD4AC7D2}.Release|Any CPU.ActiveCfg = Release|Any CPU
		{21D86683-C9C8-4650-881C-093FFD4AC7D2}.Release|Any CPU.Build.0 = Release|Any CPU
		{81A09D1C-41E7-41E4-8D18-3279BE6938DF}.Debug|Any CPU.ActiveCfg = Debug|Any CPU
		{81A09D1C-41E7-41E4-8D18-3279BE6938DF}.Debug|Any CPU.Build.0 = Debug|Any CPU
		{81A09D1C-41E7-41E4-8D18-3279BE6938DF}.Release|Any CPU.ActiveCfg = Release|Any CPU
		{81A09D1C-41E7-41E4-8D18-3279BE6938DF}.Release|Any CPU.Build.0 = Release|Any CPU
		{81F69F33-A686-4465-ADF9-B3D8B8875B6E}.Debug|Any CPU.ActiveCfg = Debug|Any CPU
		{81F69F33-A686-4465-ADF9-B3D8B8875B6E}.Debug|Any CPU.Build.0 = Debug|Any CPU
		{81F69F33-A686-4465-ADF9-B3D8B8875B6E}.Release|Any CPU.ActiveCfg = Release|Any CPU
		{81F69F33-A686-4465-ADF9-B3D8B8875B6E}.Release|Any CPU.Build.0 = Release|Any CPU
		{5B674167-D2B8-437A-B430-B2C18418ADD6}.Debug|Any CPU.ActiveCfg = Debug|Any CPU
		{5B674167-D2B8-437A-B430-B2C18418ADD6}.Debug|Any CPU.Build.0 = Debug|Any CPU
		{5B674167-D2B8-437A-B430-B2C18418ADD6}.Release|Any CPU.ActiveCfg = Release|Any CPU
		{5B674167-D2B8-437A-B430-B2C18418ADD6}.Release|Any CPU.Build.0 = Release|Any CPU
		{748246AE-E37A-4A5D-9002-FA4D0768877F}.Debug|Any CPU.ActiveCfg = Debug|Any CPU
		{748246AE-E37A-4A5D-9002-FA4D0768877F}.Debug|Any CPU.Build.0 = Debug|Any CPU
		{748246AE-E37A-4A5D-9002-FA4D0768877F}.Release|Any CPU.ActiveCfg = Release|Any CPU
		{748246AE-E37A-4A5D-9002-FA4D0768877F}.Release|Any CPU.Build.0 = Release|Any CPU
		{EF74A370-DEE2-45E2-BDB9-31D2A7C86DD9}.Debug|Any CPU.ActiveCfg = Debug|Any CPU
		{EF74A370-DEE2-45E2-BDB9-31D2A7C86DD9}.Debug|Any CPU.Build.0 = Debug|Any CPU
		{EF74A370-DEE2-45E2-BDB9-31D2A7C86DD9}.Release|Any CPU.ActiveCfg = Release|Any CPU
		{EF74A370-DEE2-45E2-BDB9-31D2A7C86DD9}.Release|Any CPU.Build.0 = Release|Any CPU
	EndGlobalSection
	GlobalSection(SolutionProperties) = preSolution
		HideSolutionNode = FALSE
	EndGlobalSection
	GlobalSection(ExtensibilityGlobals) = postSolution
		SolutionGuid = {82FE7AA5-9AE5-4C69-8949-24B371196CE2}
	EndGlobalSection
EndGlobal
